
Microsoft Visual Studio Solution File, Format Version 12.00
# Visual Studio 15
VisualStudioVersion = 15.0.28307.645
MinimumVisualStudioVersion = 10.0.40219.1
Project("{FAE04EC0-301F-11D3-BF4B-00C04F79EFBC}") = "UngDung1", "UngDung1\UngDung1.csproj", "{4C6971FE-2C02-4179-A1EE-AC3D4D19CF92}"
EndProject
Project("{FAE04EC0-301F-11D3-BF4B-00C04F79EFBC}") = "SuDungBien", "SuDungBien\SuDungBien.csproj", "{9C7B94D8-0684-4535-B1CC-1E2EAC654040}"
EndProject
Project("{FAE04EC0-301F-11D3-BF4B-00C04F79EFBC}") = "XacDinhChanLe", "XacDinhChanLe\XacDinhChanLe.csproj", "{8E4CDE5F-5DA7-4C1B-8C4D-C764ED70FB56}"
EndProject
Project("{FAE04EC0-301F-11D3-BF4B-00C04F79EFBC}") = "PhuongTrinhBac1", "PhuongTrinhBac1\PhuongTrinhBac1.csproj", "{16952360-31F8-4CA1-9F7C-57F0E960FB46}"
EndProject
Project("{FAE04EC0-301F-11D3-BF4B-00C04F79EFBC}") = "PhuongTrinhBac2", "PhuongTrinhBac2\PhuongTrinhBac2.csproj", "{3B97C035-AA4D-4345-9A2D-589E0A75736A}"
EndProject
Project("{FAE04EC0-301F-11D3-BF4B-00C04F79EFBC}") = "SuDungRandom", "SuDungRandom\SuDungRandom.csproj", "{7193002C-74A6-40F2-9932-BD2F70604A0D}"
EndProject
Project("{FAE04EC0-301F-11D3-BF4B-00C04F79EFBC}") = "SuDungVongLapFor", "SuDungVongLapFor\SuDungVongLapFor.csproj", "{193DF8E4-1527-4380-9506-BDE081C99C61}"
EndProject
Project("{FAE04EC0-301F-11D3-BF4B-00C04F79EFBC}") = "SuDungVongLapForTT", "SuDungVongLapForTT\SuDungVongLapForTT.csproj", "{DF3CE9C0-660B-40F3-92EA-0875636FB7DC}"
EndProject
Global
	GlobalSection(SolutionConfigurationPlatforms) = preSolution
		Debug|Any CPU = Debug|Any CPU
		Release|Any CPU = Release|Any CPU
	EndGlobalSection
	GlobalSection(ProjectConfigurationPlatforms) = postSolution
		{4C6971FE-2C02-4179-A1EE-AC3D4D19CF92}.Debug|Any CPU.ActiveCfg = Debug|Any CPU
		{4C6971FE-2C02-4179-A1EE-AC3D4D19CF92}.Debug|Any CPU.Build.0 = Debug|Any CPU
		{4C6971FE-2C02-4179-A1EE-AC3D4D19CF92}.Release|Any CPU.ActiveCfg = Release|Any CPU
		{4C6971FE-2C02-4179-A1EE-AC3D4D19CF92}.Release|Any CPU.Build.0 = Release|Any CPU
		{9C7B94D8-0684-4535-B1CC-1E2EAC654040}.Debug|Any CPU.ActiveCfg = Debug|Any CPU
		{9C7B94D8-0684-4535-B1CC-1E2EAC654040}.Debug|Any CPU.Build.0 = Debug|Any CPU
		{9C7B94D8-0684-4535-B1CC-1E2EAC654040}.Release|Any CPU.ActiveCfg = Release|Any CPU
		{9C7B94D8-0684-4535-B1CC-1E2EAC654040}.Release|Any CPU.Build.0 = Release|Any CPU
		{8E4CDE5F-5DA7-4C1B-8C4D-C764ED70FB56}.Debug|Any CPU.ActiveCfg = Debug|Any CPU
		{8E4CDE5F-5DA7-4C1B-8C4D-C764ED70FB56}.Debug|Any CPU.Build.0 = Debug|Any CPU
		{8E4CDE5F-5DA7-4C1B-8C4D-C764ED70FB56}.Release|Any CPU.ActiveCfg = Release|Any CPU
		{8E4CDE5F-5DA7-4C1B-8C4D-C764ED70FB56}.Release|Any CPU.Build.0 = Release|Any CPU
		{16952360-31F8-4CA1-9F7C-57F0E960FB46}.Debug|Any CPU.ActiveCfg = Debug|Any CPU
		{16952360-31F8-4CA1-9F7C-57F0E960FB46}.Debug|Any CPU.Build.0 = Debug|Any CPU
		{16952360-31F8-4CA1-9F7C-57F0E960FB46}.Release|Any CPU.ActiveCfg = Release|Any CPU
		{16952360-31F8-4CA1-9F7C-57F0E960FB46}.Release|Any CPU.Build.0 = Release|Any CPU
		{3B97C035-AA4D-4345-9A2D-589E0A75736A}.Debug|Any CPU.ActiveCfg = Debug|Any CPU
		{3B97C035-AA4D-4345-9A2D-589E0A75736A}.Debug|Any CPU.Build.0 = Debug|Any CPU
		{3B97C035-AA4D-4345-9A2D-589E0A75736A}.Release|Any CPU.ActiveCfg = Release|Any CPU
		{3B97C035-AA4D-4345-9A2D-589E0A75736A}.Release|Any CPU.Build.0 = Release|Any CPU
		{7193002C-74A6-40F2-9932-BD2F70604A0D}.Debug|Any CPU.ActiveCfg = Debug|Any CPU
		{7193002C-74A6-40F2-9932-BD2F70604A0D}.Debug|Any CPU.Build.0 = Debug|Any CPU
		{7193002C-74A6-40F2-9932-BD2F70604A0D}.Release|Any CPU.ActiveCfg = Release|Any CPU
		{7193002C-74A6-40F2-9932-BD2F70604A0D}.Release|Any CPU.Build.0 = Release|Any CPU
		{193DF8E4-1527-4380-9506-BDE081C99C61}.Debug|Any CPU.ActiveCfg = Debug|Any CPU
		{193DF8E4-1527-4380-9506-BDE081C99C61}.Debug|Any CPU.Build.0 = Debug|Any CPU
		{193DF8E4-1527-4380-9506-BDE081C99C61}.Release|Any CPU.ActiveCfg = Release|Any CPU
		{193DF8E4-1527-4380-9506-BDE081C99C61}.Release|Any CPU.Build.0 = Release|Any CPU
		{DF3CE9C0-660B-40F3-92EA-0875636FB7DC}.Debug|Any CPU.ActiveCfg = Debug|Any CPU
		{DF3CE9C0-660B-40F3-92EA-0875636FB7DC}.Debug|Any CPU.Build.0 = Debug|Any CPU
		{DF3CE9C0-660B-40F3-92EA-0875636FB7DC}.Release|Any CPU.ActiveCfg = Release|Any CPU
		{DF3CE9C0-660B-40F3-92EA-0875636FB7DC}.Release|Any CPU.Build.0 = Release|Any CPU
	EndGlobalSection
	GlobalSection(SolutionProperties) = preSolution
		HideSolutionNode = FALSE
	EndGlobalSection
	GlobalSection(ExtensibilityGlobals) = postSolution
		SolutionGuid = {8493D90A-B637-42F9-83FD-A2B009DB10B0}
	EndGlobalSection
EndGlobal
